
Microsoft Visual Studio Solution File, Format Version 12.00
# Visual Studio Version 16
VisualStudioVersion = 16.0.31129.286
MinimumVisualStudioVersion = 10.0.40219.1
Project("{FAE04EC0-301F-11D3-BF4B-00C04F79EFBC}") = "BookStore", "BookStore\BookStore.csproj", "{B76B3801-8A44-464C-B76A-1326D9B48DB5}"
EndProject
Project("{FAE04EC0-301F-11D3-BF4B-00C04F79EFBC}") = "Infrastructure.core", "Infrastructure.core\Infrastructure.core.csproj", "{873CF790-3711-45B0-A8AA-0E681FDB2B17}"
EndProject
Project("{FAE04EC0-301F-11D3-BF4B-00C04F79EFBC}") = "Domain.core", "Domain.core\Domain.core.csproj", "{10EAA230-227B-444A-A97B-A7DB46E76D7A}"
EndProject
Global
	GlobalSection(SolutionConfigurationPlatforms) = preSolution
		Debug|Any CPU = Debug|Any CPU
		Release|Any CPU = Release|Any CPU
	EndGlobalSection
	GlobalSection(ProjectConfigurationPlatforms) = postSolution
		{B76B3801-8A44-464C-B76A-1326D9B48DB5}.Debug|Any CPU.ActiveCfg = Debug|Any CPU
		{B76B3801-8A44-464C-B76A-1326D9B48DB5}.Debug|Any CPU.Build.0 = Debug|Any CPU
		{B76B3801-8A44-464C-B76A-1326D9B48DB5}.Release|Any CPU.ActiveCfg = Release|Any CPU
		{B76B3801-8A44-464C-B76A-1326D9B48DB5}.Release|Any CPU.Build.0 = Release|Any CPU
		{873CF790-3711-45B0-A8AA-0E681FDB2B17}.Debug|Any CPU.ActiveCfg = Debug|Any CPU
		{873CF790-3711-45B0-A8AA-0E681FDB2B17}.Debug|Any CPU.Build.0 = Debug|Any CPU
		{873CF790-3711-45B0-A8AA-0E681FDB2B17}.Release|Any CPU.ActiveCfg = Release|Any CPU
		{873CF790-3711-45B0-A8AA-0E681FDB2B17}.Release|Any CPU.Build.0 = Release|Any CPU
		{10EAA230-227B-444A-A97B-A7DB46E76D7A}.Debug|Any CPU.ActiveCfg = Debug|Any CPU
		{10EAA230-227B-444A-A97B-A7DB46E76D7A}.Debug|Any CPU.Build.0 = Debug|Any CPU
		{10EAA230-227B-444A-A97B-A7DB46E76D7A}.Release|Any CPU.ActiveCfg = Release|Any CPU
		{10EAA230-227B-444A-A97B-A7DB46E76D7A}.Release|Any CPU.Build.0 = Release|Any CPU
	EndGlobalSection
	GlobalSection(SolutionProperties) = preSolution
		HideSolutionNode = FALSE
	EndGlobalSection
	GlobalSection(ExtensibilityGlobals) = postSolution
		SolutionGuid = {C27C6F7F-2AAB-494C-BCD3-430F198E2565}
	EndGlobalSection
EndGlobal
